
Microsoft Visual Studio Solution File, Format Version 12.00
# Visual Studio Version 16
VisualStudioVersion = 16.0.28922.388
MinimumVisualStudioVersion = 10.0.40219.1
Project("{FAE04EC0-301F-11D3-BF4B-00C04F79EFBC}") = "WpfApp3_TreeView", "WpfApp3_TreeView\WpfApp3_TreeView.csproj", "{48E47D39-B62F-4149-A471-7965C2AC053A}"
EndProject
Global
	GlobalSection(SolutionConfigurationPlatforms) = preSolution
		Debug|Any CPU = Debug|Any CPU
		Release|Any CPU = Release|Any CPU
	EndGlobalSection
	GlobalSection(ProjectConfigurationPlatforms) = postSolution
		{48E47D39-B62F-4149-A471-7965C2AC053A}.Debug|Any CPU.ActiveCfg = Debug|Any CPU
		{48E47D39-B62F-4149-A471-7965C2AC053A}.Debug|Any CPU.Build.0 = Debug|Any CPU
		{48E47D39-B62F-4149-A471-7965C2AC053A}.Release|Any CPU.ActiveCfg = Release|Any CPU
		{48E47D39-B62F-4149-A471-7965C2AC053A}.Release|Any CPU.Build.0 = Release|Any CPU
	EndGlobalSection
	GlobalSection(SolutionProperties) = preSolution
		HideSolutionNode = FALSE
	EndGlobalSection
	GlobalSection(ExtensibilityGlobals) = postSolution
		SolutionGuid = {6D4CD21B-9935-4482-9FF0-347B20BC33C6}
	EndGlobalSection
EndGlobal
